
Microsoft Visual Studio Solution File, Format Version 12.00
# Visual Studio Version 17
VisualStudioVersion = 17.12.35707.178
MinimumVisualStudioVersion = 10.0.40219.1
Project("{FAE04EC0-301F-11D3-BF4B-00C04F79EFBC}") = "Server", "Server\Server.csproj", "{D16CEE0D-B2F2-4149-B8E5-6D1A9163C22A}"
EndProject
Project("{FAE04EC0-301F-11D3-BF4B-00C04F79EFBC}") = "DesktopApp", "DesktopApp\DesktopApp.csproj", "{BE32250A-AF56-4B84-B7B7-939C60EB0A44}"
EndProject
Global
	GlobalSection(SolutionConfigurationPlatforms) = preSolution
		Debug|Any CPU = Debug|Any CPU
		Release|Any CPU = Release|Any CPU
	EndGlobalSection
	GlobalSection(ProjectConfigurationPlatforms) = postSolution
		{D16CEE0D-B2F2-4149-B8E5-6D1A9163C22A}.Debug|Any CPU.ActiveCfg = Debug|Any CPU
		{D16CEE0D-B2F2-4149-B8E5-6D1A9163C22A}.Debug|Any CPU.Build.0 = Debug|Any CPU
		{D16CEE0D-B2F2-4149-B8E5-6D1A9163C22A}.Release|Any CPU.ActiveCfg = Release|Any CPU
		{D16CEE0D-B2F2-4149-B8E5-6D1A9163C22A}.Release|Any CPU.Build.0 = Release|Any CPU
		{BE32250A-AF56-4B84-B7B7-939C60EB0A44}.Debug|Any CPU.ActiveCfg = Debug|Any CPU
		{BE32250A-AF56-4B84-B7B7-939C60EB0A44}.Debug|Any CPU.Build.0 = Debug|Any CPU
		{BE32250A-AF56-4B84-B7B7-939C60EB0A44}.Release|Any CPU.ActiveCfg = Release|Any CPU
		{BE32250A-AF56-4B84-B7B7-939C60EB0A44}.Release|Any CPU.Build.0 = Release|Any CPU
	EndGlobalSection
	GlobalSection(SolutionProperties) = preSolution
		HideSolutionNode = FALSE
	EndGlobalSection
EndGlobal
